
Microsoft Visual Studio Solution File, Format Version 12.00
# Visual Studio Version 16
VisualStudioVersion = 16.0.30114.105
MinimumVisualStudioVersion = 10.0.40219.1
Project("{9A19103F-16F7-4668-BE54-9A1E7A4F7556}") = "API", "API\API.csproj", "{4F8BA340-1D79-42D9-B90B-E3A82AE74FD9}"
	ProjectSection(ProjectDependencies) = postProject
		{7C610774-F779-4547-80B3-29B6925DF434} = {7C610774-F779-4547-80B3-29B6925DF434}
		{5FF84F8A-4232-4F56-BD94-7BB8E36AC75B} = {5FF84F8A-4232-4F56-BD94-7BB8E36AC75B}
	EndProjectSection
EndProject
Project("{9A19103F-16F7-4668-BE54-9A1E7A4F7556}") = "Application", "Application\Application.csproj", "{5FF84F8A-4232-4F56-BD94-7BB8E36AC75B}"
EndProject
Project("{9A19103F-16F7-4668-BE54-9A1E7A4F7556}") = "Domain", "Domain\Domain.csproj", "{7C610774-F779-4547-80B3-29B6925DF434}"
EndProject
Project("{9A19103F-16F7-4668-BE54-9A1E7A4F7556}") = "Persistance", "Persistance\Persistance.csproj", "{894F58C1-CA2A-4E36-9408-8E23335855F2}"
EndProject
Project("{FAE04EC0-301F-11D3-BF4B-00C04F79EFBC}") = "Infrastructure", "Infratructure\Infrastructure.csproj", "{59292375-CC1F-45AF-BC12-67387386F8B2}"
EndProject
Global
	GlobalSection(SolutionConfigurationPlatforms) = preSolution
		Debug|Any CPU = Debug|Any CPU
		Release|Any CPU = Release|Any CPU
	EndGlobalSection
	GlobalSection(ProjectConfigurationPlatforms) = postSolution
		{4F8BA340-1D79-42D9-B90B-E3A82AE74FD9}.Debug|Any CPU.ActiveCfg = Debug|Any CPU
		{4F8BA340-1D79-42D9-B90B-E3A82AE74FD9}.Debug|Any CPU.Build.0 = Debug|Any CPU
		{4F8BA340-1D79-42D9-B90B-E3A82AE74FD9}.Release|Any CPU.ActiveCfg = Release|Any CPU
		{4F8BA340-1D79-42D9-B90B-E3A82AE74FD9}.Release|Any CPU.Build.0 = Release|Any CPU
		{5FF84F8A-4232-4F56-BD94-7BB8E36AC75B}.Debug|Any CPU.ActiveCfg = Debug|Any CPU
		{5FF84F8A-4232-4F56-BD94-7BB8E36AC75B}.Debug|Any CPU.Build.0 = Debug|Any CPU
		{5FF84F8A-4232-4F56-BD94-7BB8E36AC75B}.Release|Any CPU.ActiveCfg = Release|Any CPU
		{5FF84F8A-4232-4F56-BD94-7BB8E36AC75B}.Release|Any CPU.Build.0 = Release|Any CPU
		{7C610774-F779-4547-80B3-29B6925DF434}.Debug|Any CPU.ActiveCfg = Debug|Any CPU
		{7C610774-F779-4547-80B3-29B6925DF434}.Debug|Any CPU.Build.0 = Debug|Any CPU
		{7C610774-F779-4547-80B3-29B6925DF434}.Release|Any CPU.ActiveCfg = Release|Any CPU
		{7C610774-F779-4547-80B3-29B6925DF434}.Release|Any CPU.Build.0 = Release|Any CPU
		{894F58C1-CA2A-4E36-9408-8E23335855F2}.Debug|Any CPU.ActiveCfg = Debug|Any CPU
		{894F58C1-CA2A-4E36-9408-8E23335855F2}.Debug|Any CPU.Build.0 = Debug|Any CPU
		{894F58C1-CA2A-4E36-9408-8E23335855F2}.Release|Any CPU.ActiveCfg = Release|Any CPU
		{894F58C1-CA2A-4E36-9408-8E23335855F2}.Release|Any CPU.Build.0 = Release|Any CPU
		{59292375-CC1F-45AF-BC12-67387386F8B2}.Debug|Any CPU.ActiveCfg = Debug|Any CPU
		{59292375-CC1F-45AF-BC12-67387386F8B2}.Debug|Any CPU.Build.0 = Debug|Any CPU
		{59292375-CC1F-45AF-BC12-67387386F8B2}.Release|Any CPU.ActiveCfg = Release|Any CPU
		{59292375-CC1F-45AF-BC12-67387386F8B2}.Release|Any CPU.Build.0 = Release|Any CPU
	EndGlobalSection
	GlobalSection(SolutionProperties) = preSolution
		HideSolutionNode = FALSE
	EndGlobalSection
	GlobalSection(ExtensibilityGlobals) = postSolution
		SolutionGuid = {BBE4314E-7350-49D4-8472-F937DE46241B}
	EndGlobalSection
EndGlobal
